// !$*UTF8*$!
{
	archiveVersion = 1;
	classes = {
	};
	objectVersion = 56;
	objects = {

/* Begin PBXBuildFile section */
		AC82D5022B181A3D0087ACD2 /* AppDelegate.swift in Sources */ = {isa = PBXBuildFile; fileRef = AC82D5012B181A3D0087ACD2 /* AppDelegate.swift */; };
		AC82D5042B181A3D0087ACD2 /* SceneDelegate.swift in Sources */ = {isa = PBXBuildFile; fileRef = AC82D5032B181A3D0087ACD2 /* SceneDelegate.swift */; };
		AC82D5062B181A3D0087ACD2 /* ViewController.swift in Sources */ = {isa = PBXBuildFile; fileRef = AC82D5052B181A3D0087ACD2 /* ViewController.swift */; };
		AC82D5092B181A3D0087ACD2 /* Main.storyboard in Resources */ = {isa = PBXBuildFile; fileRef = AC82D5072B181A3D0087ACD2 /* Main.storyboard */; };
		AC82D50B2B181A3E0087ACD2 /* Assets.xcassets in Resources */ = {isa = PBXBuildFile; fileRef = AC82D50A2B181A3E0087ACD2 /* Assets.xcassets */; };
		AC82D50E2B181A3E0087ACD2 /* LaunchScreen.storyboard in Resources */ = {isa = PBXBuildFile; fileRef = AC82D50C2B181A3E0087ACD2 /* LaunchScreen.storyboard */; };
		AC82D5192B1821F90087ACD2 /* SwiftPackage in Frameworks */ = {isa = PBXBuildFile; productRef = AC82D5182B1821F90087ACD2 /* SwiftPackage */; };
/* End PBXBuildFile section */

/* Begin PBXFileReference section */
		AC82D4FE2B181A3D0087ACD2 /* Taller1.app */ = {isa = PBXFileReference; explicitFileType = wrapper.application; includeInIndex = 0; path = Taller1.app; sourceTree = BUILT_PRODUCTS_DIR; };
		AC82D5012B181A3D0087ACD2 /* AppDelegate.swift */ = {isa = PBXFileReference; lastKnownFileType = sourcecode.swift; path = AppDelegate.swift; sourceTree = "<group>"; };
		AC82D5032B181A3D0087ACD2 /* SceneDelegate.swift */ = {isa = PBXFileReference; lastKnownFileType = sourcecode.swift; path = SceneDelegate.swift; sourceTree = "<group>"; };
		AC82D5052B181A3D0087ACD2 /* ViewController.swift */ = {isa = PBXFileReference; lastKnownFileType = sourcecode.swift; path = ViewController.swift; sourceTree = "<group>"; };
		AC82D5082B181A3D0087ACD2 /* Base */ = {isa = PBXFileReference; lastKnownFileType = file.storyboard; name = Base; path = Base.lproj/Main.storyboard; sourceTree = "<group>"; };
		AC82D50A2B181A3E0087ACD2 /* Assets.xcassets */ = {isa = PBXFileReference; lastKnownFileType = folder.assetcatalog; path = Assets.xcassets; sourceTree = "<group>"; };
		AC82D50D2B181A3E0087ACD2 /* Base */ = {isa = PBXFileReference; lastKnownFileType = file.storyboard; name = Base; path = Base.lproj/LaunchScreen.storyboard; sourceTree = "<group>"; };
		AC82D50F2B181A3E0087ACD2 /* Info.plist */ = {isa = PBXFileReference; lastKnownFileType = text.plist.xml; path = Info.plist; sourceTree = "<group>"; };
		AC82D5162B181EC70087ACD2 /* SwiftPackage */ = {isa = PBXFileReference; lastKnownFileType = wrapper; name = SwiftPackage; path = ../SwiftPackage; sourceTree = "<group>"; };
/* End PBXFileReference section */

/* Begin PBXFrameworksBuildPhase section */
		AC82D4FB2B181A3D0087ACD2 /* Frameworks */ = {
			isa = PBXFrameworksBuildPhase;
			buildActionMask = 2147483647;
			files = (
				AC82D5192B1821F90087ACD2 /* SwiftPackage in Frameworks */,
			);
			runOnlyForDeploymentPostprocessing = 0;
		};
/* End PBXFrameworksBuildPhase section */

/* Begin PBXGroup section */
		AC82D4F52B181A3D0087ACD2 = {
			isa = PBXGroup;
			children = (
				AC82D5152B181EC70087ACD2 /* Packages */,
				AC82D5002B181A3D0087ACD2 /* Taller1 */,
				AC82D4FF2B181A3D0087ACD2 /* Products */,
				AC82D5172B1821F90087ACD2 /* Frameworks */,
			);
			sourceTree = "<group>";
		};
		AC82D4FF2B181A3D0087ACD2 /* Products */ = {
			isa = PBXGroup;
			children = (
				AC82D4FE2B181A3D0087ACD2 /* Taller1.app */,
			);
			name = Products;
			sourceTree = "<group>";
		};
		AC82D5002B181A3D0087ACD2 /* Taller1 */ = {
			isa = PBXGroup;
			children = (
				AC82D5012B181A3D0087ACD2 /* AppDelegate.swift */,
				AC82D5032B181A3D0087ACD2 /* SceneDelegate.swift */,
				AC82D5052B181A3D0087ACD2 /* ViewController.swift */,
				AC82D5072B181A3D0087ACD2 /* Main.storyboard */,
				AC82D50A2B181A3E0087ACD2 /* Assets.xcassets */,
				AC82D50C2B181A3E0087ACD2 /* LaunchScreen.storyboard */,
				AC82D50F2B181A3E0087ACD2 /* Info.plist */,
			);
			path = Taller1;
			sourceTree = "<group>";
		};
		AC82D5152B181EC70087ACD2 /* Packages */ = {
			isa = PBXGroup;
			children = (
				AC82D5162B181EC70087ACD2 /* SwiftPackage */,
			);
			name = Packages;
			sourceTree = "<group>";
		};
		AC82D5172B1821F90087ACD2 /* Frameworks */ = {
			isa = PBXGroup;
			children = (
			);
			name = Frameworks;
			sourceTree = "<group>";
		};
/* End PBXGroup section */

/* Begin PBXNativeTarget section */
		AC82D4FD2B181A3D0087ACD2 /* Taller1 */ = {
			isa = PBXNativeTarget;
			buildConfigurationList = AC82D5122B181A3E0087ACD2 /* Build configuration list for PBXNativeTarget "Taller1" */;
			buildPhases = (
				AC82D4FA2B181A3D0087ACD2 /* Sources */,
				AC82D4FB2B181A3D0087ACD2 /* Frameworks */,
				AC82D4FC2B181A3D0087ACD2 /* Resources */,
			);
			buildRules = (
			);
			dependencies = (
			);
			name = Taller1;
			packageProductDependencies = (
				AC82D5182B1821F90087ACD2 /* SwiftPackage */,
			);
			productName = Taller1;
			productReference = AC82D4FE2B181A3D0087ACD2 /* Taller1.app */;
			productType = "com.apple.product-type.application";
		};
/* End PBXNativeTarget section */

/* Begin PBXProject section */
		AC82D4F62B181A3D0087ACD2 /* Project object */ = {
			isa = PBXProject;
			attributes = {
				BuildIndependentTargetsInParallel = 1;
				LastSwiftUpdateCheck = 1420;
				LastUpgradeCheck = 1420;
				TargetAttributes = {
					AC82D4FD2B181A3D0087ACD2 = {
						CreatedOnToolsVersion = 14.2;
					};
				};
			};
			buildConfigurationList = AC82D4F92B181A3D0087ACD2 /* Build configuration list for PBXProject "Taller1" */;
			compatibilityVersion = "Xcode 14.0";
			developmentRegion = en;
			hasScannedForEncodings = 0;
			knownRegions = (
				en,
				Base,
			);
			mainGroup = AC82D4F52B181A3D0087ACD2;
			productRefGroup = AC82D4FF2B181A3D0087ACD2 /* Products */;
			projectDirPath = "";
			projectRoot = "";
			targets = (
				AC82D4FD2B181A3D0087ACD2 /* Taller1 */,
			);
		};
/* End PBXProject section */

/* Begin PBXResourcesBuildPhase section */
		AC82D4FC2B181A3D0087ACD2 /* Resources */ = {
			isa = PBXResourcesBuildPhase;
			buildActionMask = 2147483647;
			files = (
				AC82D50E2B181A3E0087ACD2 /* LaunchScreen.storyboard in Resources */,
				AC82D50B2B181A3E0087ACD2 /* Assets.xcassets in Resources */,
				AC82D5092B181A3D0087ACD2 /* Main.storyboard in Resources */,
			);
			runOnlyForDeploymentPostprocessing = 0;
		};
/* End PBXResourcesBuildPhase section */

/* Begin PBXSourcesBuildPhase section */
		AC82D4FA2B181A3D0087ACD2 /* Sources */ = {
			isa = PBXSourcesBuildPhase;
			buildActionMask = 2147483647;
			files = (
				AC82D5062B181A3D0087ACD2 /* ViewController.swift in Sources */,
				AC82D5022B181A3D0087ACD2 /* AppDelegate.swift in Sources */,
				AC82D5042B181A3D0087ACD2 /* SceneDelegate.swift in Sources */,
			);
			runOnlyForDeploymentPostprocessing = 0;
		};
/* End PBXSourcesBuildPhase section */

/* Begin PBXVariantGroup section */
		AC82D5072B181A3D0087ACD2 /* Main.storyboard */ = {
			isa = PBXVariantGroup;
			children = (
				AC82D5082B181A3D0087ACD2 /* Base */,
			);
			name = Main.storyboard;
			sourceTree = "<group>";
		};
		AC82D50C2B181A3E0087ACD2 /* LaunchScreen.storyboard */ = {
			isa = PBXVariantGroup;
			children = (
				AC82D50D2B181A3E0087ACD2 /* Base */,
			);
			name = LaunchScreen.storyboard;
			sourceTree = "<group>";
		};
/* End PBXVariantGroup section */

/* Begin XCBuildConfiguration section */
		AC82D5102B181A3E0087ACD2 /* Debug */ = {
			isa = XCBuildConfiguration;
			buildSettings = {
				ALWAYS_SEARCH_USER_PATHS = NO;
				CLANG_ANALYZER_NONNULL = YES;
				CLANG_ANALYZER_NUMBER_OBJECT_CONVERSION = YES_AGGRESSIVE;
				CLANG_CXX_LANGUAGE_STANDARD = "gnu++20";
				CLANG_ENABLE_MODULES = YES;
				CLANG_ENABLE_OBJC_ARC = YES;
				CLANG_ENABLE_OBJC_WEAK = YES;
				CLANG_WARN_BLOCK_CAPTURE_AUTORELEASING = YES;
				CLANG_WARN_BOOL_CONVERSION = YES;
				CLANG_WARN_COMMA = YES;
				CLANG_WARN_CONSTANT_CONVERSION = YES;
				CLANG_WARN_DEPRECATED_OBJC_IMPLEMENTATIONS = YES;
				CLANG_WARN_DIRECT_OBJC_ISA_USAGE = YES_ERROR;
				CLANG_WARN_DOCUMENTATION_COMMENTS = YES;
				CLANG_WARN_EMPTY_BODY = YES;
				CLANG_WARN_ENUM_CONVERSION = YES;
				CLANG_WARN_INFINITE_RECURSION = YES;
				CLANG_WARN_INT_CONVERSION = YES;
				CLANG_WARN_NON_LITERAL_NULL_CONVERSION = YES;
				CLANG_WARN_OBJC_IMPLICIT_RETAIN_SELF = YES;
				CLANG_WARN_OBJC_LITERAL_CONVERSION = YES;
				CLANG_WARN_OBJC_ROOT_CLASS = YES_ERROR;
				CLANG_WARN_QUOTED_INCLUDE_IN_FRAMEWORK_HEADER = YES;
				CLANG_WARN_RANGE_LOOP_ANALYSIS = YES;
				CLANG_WARN_STRICT_PROTOTYPES = YES;
				CLANG_WARN_SUSPICIOUS_MOVE = YES;
				CLANG_WARN_UNGUARDED_AVAILABILITY = YES_AGGRESSIVE;
				CLANG_WARN_UNREACHABLE_CODE = YES;
				CLANG_WARN__DUPLICATE_METHOD_MATCH = YES;
				COPY_PHASE_STRIP = NO;
				DEBUG_INFORMATION_FORMAT = dwarf;
				ENABLE_STRICT_OBJC_MSGSEND = YES;
				ENABLE_TESTABILITY = YES;
				GCC_C_LANGUAGE_STANDARD = gnu11;
				GCC_DYNAMIC_NO_PIC = NO;
				GCC_NO_COMMON_BLOCKS = YES;
				GCC_OPTIMIZATION_LEVEL = 0;
				GCC_PREPROCESSOR_DEFINITIONS = (
					"DEBUG=1",
					"$(inherited)",
				);
				GCC_WARN_64_TO_32_BIT_CONVERSION = YES;
				GCC_WARN_ABOUT_RETURN_TYPE = YES_ERROR;
				GCC_WARN_UNDECLARED_SELECTOR = YES;
				GCC_WARN_UNINITIALIZED_AUTOS = YES_AGGRESSIVE;
				GCC_WARN_UNUSED_FUNCTION = YES;
				GCC_WARN_UNUSED_VARIABLE = YES;
				IPHONEOS_DEPLOYMENT_TARGET = 16.2;
				MTL_ENABLE_DEBUG_INFO = INCLUDE_SOURCE;
				MTL_FAST_MATH = YES;
				ONLY_ACTIVE_ARCH = YES;
				SDKROOT = iphoneos;
				SWIFT_ACTIVE_COMPILATION_CONDITIONS = DEBUG;
				SWIFT_OPTIMIZATION_LEVEL = "-Onone";
			};
			name = Debug;
		};
		AC82D5112B181A3E0087ACD2 /* Release */ = {
			isa = XCBuildConfiguration;
			buildSettings = {
				ALWAYS_SEARCH_USER_PATHS = NO;
				CLANG_ANALYZER_NONNULL = YES;
				CLANG_ANALYZER_NUMBER_OBJECT_CONVERSION = YES_AGGRESSIVE;
				CLANG_CXX_LANGUAGE_STANDARD = "gnu++20";
				CLANG_ENABLE_MODULES = YES;
				CLANG_ENABLE_OBJC_ARC = YES;
				CLANG_ENABLE_OBJC_WEAK = YES;
				CLANG_WARN_BLOCK_CAPTURE_AUTORELEASING = YES;
				CLANG_WARN_BOOL_CONVERSION = YES;
				CLANG_WARN_COMMA = YES;
				CLANG_WARN_CONSTANT_CONVERSION = YES;
				CLANG_WARN_DEPRECATED_OBJC_IMPLEMENTATIONS = YES;
				CLANG_WARN_DIRECT_OBJC_ISA_USAGE = YES_ERROR;
				CLANG_WARN_DOCUMENTATION_COMMENTS = YES;
				CLANG_WARN_EMPTY_BODY = YES;
				CLANG_WARN_ENUM_CONVERSION = YES;
				CLANG_WARN_INFINITE_RECURSION = YES;
				CLANG_WARN_INT_CONVERSION = YES;
				CLANG_WARN_NON_LITERAL_NULL_CONVERSION = YES;
				CLANG_WARN_OBJC_IMPLICIT_RETAIN_SELF = YES;
				CLANG_WARN_OBJC_LITERAL_CONVERSION = YES;
				CLANG_WARN_OBJC_ROOT_CLASS = YES_ERROR;
				CLANG_WARN_QUOTED_INCLUDE_IN_FRAMEWORK_HEADER = YES;
				CLANG_WARN_RANGE_LOOP_ANALYSIS = YES;
				CLANG_WARN_STRICT_PROTOTYPES = YES;
				CLANG_WARN_SUSPICIOUS_MOVE = YES;
				CLANG_WARN_UNGUARDED_AVAILABILITY = YES_AGGRESSIVE;
				CLANG_WARN_UNREACHABLE_CODE = YES;
				CLANG_WARN__DUPLICATE_METHOD_MATCH = YES;
				COPY_PHASE_STRIP = NO;
				DEBUG_INFORMATION_FORMAT = "dwarf-with-dsym";
				ENABLE_NS_ASSERTIONS = NO;
				ENABLE_STRICT_OBJC_MSGSEND = YES;
				GCC_C_LANGUAGE_STANDARD = gnu11;
				GCC_NO_COMMON_BLOCKS = YES;
				GCC_WARN_64_TO_32_BIT_CONVERSION = YES;
				GCC_WARN_ABOUT_RETURN_TYPE = YES_ERROR;
				GCC_WARN_UNDECLARED_SELECTOR = YES;
				GCC_WARN_UNINITIALIZED_AUTOS = YES_AGGRESSIVE;
				GCC_WARN_UNUSED_FUNCTION = YES;
				GCC_WARN_UNUSED_VARIABLE = YES;
				IPHONEOS_DEPLOYMENT_TARGET = 16.2;
				MTL_ENABLE_DEBUG_INFO = NO;
				MTL_FAST_MATH = YES;
				SDKROOT = iphoneos;
				SWIFT_COMPILATION_MODE = wholemodule;
				SWIFT_OPTIMIZATION_LEVEL = "-O";
				VALIDATE_PRODUCT = YES;
			};
			name = Release;
		};
		AC82D5132B181A3E0087ACD2 /* Debug */ = {
			isa = XCBuildConfiguration;
			buildSettings = {
				ASSETCATALOG_COMPILER_APPICON_NAME = AppIcon;
				ASSETCATALOG_COMPILER_GLOBAL_ACCENT_COLOR_NAME = AccentColor;
				CODE_SIGN_STYLE = Automatic;
				CURRENT_PROJECT_VERSION = 1;
				DEVELOPMENT_TEAM = 88B7NAQS34;
				GENERATE_INFOPLIST_FILE = YES;
				INFOPLIST_FILE = Taller1/Info.plist;
				INFOPLIST_KEY_UIApplicationSupportsIndirectInputEvents = YES;
				INFOPLIST_KEY_UILaunchStoryboardName = LaunchScreen;
				INFOPLIST_KEY_UIMainStoryboardFile = Main;
				INFOPLIST_KEY_UISupportedInterfaceOrientations_iPad = "UIInterfaceOrientationPortrait UIInterfaceOrientationPortraitUpsideDown UIInterfaceOrientationLandscapeLeft UIInterfaceOrientationLandscapeRight";
				INFOPLIST_KEY_UISupportedInterfaceOrientations_iPhone = "UIInterfaceOrientationPortrait UIInterfaceOrientationLandscapeLeft UIInterfaceOrientationLandscapeRight";
				LD_RUNPATH_SEARCH_PATHS = (
					"$(inherited)",
					"@executable_path/Frameworks",
				);
				MARKETING_VERSION = 1.0;
				PRODUCT_BUNDLE_IDENTIFIER = puce.com.edu.Taller1;
				PRODUCT_NAME = "$(TARGET_NAME)";
				SWIFT_EMIT_LOC_STRINGS = YES;
				SWIFT_VERSION = 5.0;
				TARGETED_DEVICE_FAMILY = "1,2";
			};
			name = Debug;
		};
		AC82D5142B181A3E0087ACD2 /* Release */ = {
			isa = XCBuildConfiguration;
			buildSettings = {
				ASSETCATALOG_COMPILER_APPICON_NAME = AppIcon;
				ASSETCATALOG_COMPILER_GLOBAL_ACCENT_COLOR_NAME = AccentColor;
				CODE_SIGN_STYLE = Automatic;
				CURRENT_PROJECT_VERSION = 1;
				DEVELOPMENT_TEAM = 88B7NAQS34;
				GENERATE_INFOPLIST_FILE = YES;
				INFOPLIST_FILE = Taller1/Info.plist;
				INFOPLIST_KEY_UIApplicationSupportsIndirectInputEvents = YES;
				INFOPLIST_KEY_UILaunchStoryboardName = LaunchScreen;
				INFOPLIST_KEY_UIMainStoryboardFile = Main;
				INFOPLIST_KEY_UISupportedInterfaceOrientations_iPad = "UIInterfaceOrientationPortrait UIInterfaceOrientationPortraitUpsideDown UIInterfaceOrientationLandscapeLeft UIInterfaceOrientationLandscapeRight";
				INFOPLIST_KEY_UISupportedInterfaceOrientations_iPhone = "UIInterfaceOrientationPortrait UIInterfaceOrientationLandscapeLeft UIInterfaceOrientationLandscapeRight";
				LD_RUNPATH_SEARCH_PATHS = (
					"$(inherited)",
					"@executable_path/Frameworks",
				);
				MARKETING_VERSION = 1.0;
				PRODUCT_BUNDLE_IDENTIFIER = puce.com.edu.Taller1;
				PRODUCT_NAME = "$(TARGET_NAME)";
				SWIFT_EMIT_LOC_STRINGS = YES;
				SWIFT_VERSION = 5.0;
				TARGETED_DEVICE_FAMILY = "1,2";
			};
			name = Release;
		};
/* End XCBuildConfiguration section */

/* Begin XCConfigurationList section */
		AC82D4F92B181A3D0087ACD2 /* Build configuration list for PBXProject "Taller1" */ = {
			isa = XCConfigurationList;
			buildConfigurations = (
				AC82D5102B181A3E0087ACD2 /* Debug */,
				AC82D5112B181A3E0087ACD2 /* Release */,
			);
			defaultConfigurationIsVisible = 0;
			defaultConfigurationName = Release;
		};
		AC82D5122B181A3E0087ACD2 /* Build configuration list for PBXNativeTarget "Taller1" */ = {
			isa = XCConfigurationList;
			buildConfigurations = (
				AC82D5132B181A3E0087ACD2 /* Debug */,
				AC82D5142B181A3E0087ACD2 /* Release */,
			);
			defaultConfigurationIsVisible = 0;
			defaultConfigurationName = Release;
		};
/* End XCConfigurationList section */

/* Begin XCSwiftPackageProductDependency section */
		AC82D5182B1821F90087ACD2 /* SwiftPackage */ = {
			isa = XCSwiftPackageProductDependency;
			productName = SwiftPackage;
		};
/* End XCSwiftPackageProductDependency section */
	};
	rootObject = AC82D4F62B181A3D0087ACD2 /* Project object */;
}
